
Microsoft Visual Studio Solution File, Format Version 12.00
# Visual Studio 15
VisualStudioVersion = 15.0.28307.960
MinimumVisualStudioVersion = 10.0.40219.1
Project("{FAE04EC0-301F-11D3-BF4B-00C04F79EFBC}") = "HM.WebAPI", "HM.WebAPI\HM.WebAPI.csproj", "{60BE5330-9DA4-4F6F-9B27-79C32CE446E8}"
EndProject
Project("{FAE04EC0-301F-11D3-BF4B-00C04F79EFBC}") = "HM.Data", "HM.Data\HM.Data.csproj", "{A5FF3887-03F4-492B-9B49-366E577DEF09}"
EndProject
Project("{FAE04EC0-301F-11D3-BF4B-00C04F79EFBC}") = "HM.BusinessEntites", "HM.BusinessEntites\HM.BusinessEntites.csproj", "{9C3F2501-4E66-4229-BD6A-79BB91F5DD46}"
EndProject
Project("{FAE04EC0-301F-11D3-BF4B-00C04F79EFBC}") = "HM.Business", "HM.Business\HM.Business.csproj", "{F80B9469-8DA9-43CF-A9E3-2ADCA8436D4A}"
EndProject
Project("{FAE04EC0-301F-11D3-BF4B-00C04F79EFBC}") = "HM.Common", "HM.Common\HM.Common.csproj", "{0D10E563-897A-401E-9A05-755C129F361C}"
EndProject
Global
	GlobalSection(SolutionConfigurationPlatforms) = preSolution
		Debug|Any CPU = Debug|Any CPU
		Release|Any CPU = Release|Any CPU
	EndGlobalSection
	GlobalSection(ProjectConfigurationPlatforms) = postSolution
		{60BE5330-9DA4-4F6F-9B27-79C32CE446E8}.Debug|Any CPU.ActiveCfg = Debug|Any CPU
		{60BE5330-9DA4-4F6F-9B27-79C32CE446E8}.Debug|Any CPU.Build.0 = Debug|Any CPU
		{60BE5330-9DA4-4F6F-9B27-79C32CE446E8}.Release|Any CPU.ActiveCfg = Release|Any CPU
		{60BE5330-9DA4-4F6F-9B27-79C32CE446E8}.Release|Any CPU.Build.0 = Release|Any CPU
		{A5FF3887-03F4-492B-9B49-366E577DEF09}.Debug|Any CPU.ActiveCfg = Debug|Any CPU
		{A5FF3887-03F4-492B-9B49-366E577DEF09}.Debug|Any CPU.Build.0 = Debug|Any CPU
		{A5FF3887-03F4-492B-9B49-366E577DEF09}.Release|Any CPU.ActiveCfg = Release|Any CPU
		{A5FF3887-03F4-492B-9B49-366E577DEF09}.Release|Any CPU.Build.0 = Release|Any CPU
		{9C3F2501-4E66-4229-BD6A-79BB91F5DD46}.Debug|Any CPU.ActiveCfg = Debug|Any CPU
		{9C3F2501-4E66-4229-BD6A-79BB91F5DD46}.Debug|Any CPU.Build.0 = Debug|Any CPU
		{9C3F2501-4E66-4229-BD6A-79BB91F5DD46}.Release|Any CPU.ActiveCfg = Release|Any CPU
		{9C3F2501-4E66-4229-BD6A-79BB91F5DD46}.Release|Any CPU.Build.0 = Release|Any CPU
		{F80B9469-8DA9-43CF-A9E3-2ADCA8436D4A}.Debug|Any CPU.ActiveCfg = Debug|Any CPU
		{F80B9469-8DA9-43CF-A9E3-2ADCA8436D4A}.Debug|Any CPU.Build.0 = Debug|Any CPU
		{F80B9469-8DA9-43CF-A9E3-2ADCA8436D4A}.Release|Any CPU.ActiveCfg = Release|Any CPU
		{F80B9469-8DA9-43CF-A9E3-2ADCA8436D4A}.Release|Any CPU.Build.0 = Release|Any CPU
		{0D10E563-897A-401E-9A05-755C129F361C}.Debug|Any CPU.ActiveCfg = Debug|Any CPU
		{0D10E563-897A-401E-9A05-755C129F361C}.Debug|Any CPU.Build.0 = Debug|Any CPU
		{0D10E563-897A-401E-9A05-755C129F361C}.Release|Any CPU.ActiveCfg = Release|Any CPU
		{0D10E563-897A-401E-9A05-755C129F361C}.Release|Any CPU.Build.0 = Release|Any CPU
	EndGlobalSection
	GlobalSection(SolutionProperties) = preSolution
		HideSolutionNode = FALSE
	EndGlobalSection
	GlobalSection(ExtensibilityGlobals) = postSolution
		SolutionGuid = {768DF333-E0B0-417A-948F-FE68DD15DB1F}
	EndGlobalSection
EndGlobal
